{
  "name": "uppy-store-ngrx",
  "version": "0.0.2",
  "lockfileVersion": 1,
  "requires": true,
  "dependencies": {
    "@ngrx/store": {
      "version": "4.1.1",
      "resolved": "https://registry.npmjs.org/@ngrx/store/-/store-4.1.1.tgz",
      "integrity": "sha1-aA403yd16IUnVO13f/rJW9gbfeA="
    },
    "angular-tslint-rules": {
      "version": "1.2.1",
      "resolved": "https://registry.npmjs.org/angular-tslint-rules/-/angular-tslint-rules-1.2.1.tgz",
      "integrity": "sha512-qIYtm3rGURLDNEuKXSgfE1hbteIdoqlcEDp6rAzAwWFWsnZ3L8mh49K+86D4/+FjgMelaXQxmPyttDXYfzzKVg==",
      "dev": true
    },
    "rxjs": {
      "version": "5.5.6",
      "resolved": "https://registry.npmjs.org/rxjs/-/rxjs-5.5.6.tgz",
      "integrity": "sha512-v4Q5HDC0FHAQ7zcBX7T2IL6O5ltl1a2GX4ENjPXg6SjDY69Cmx9v4113C99a4wGF16ClPv5Z8mghuYorVkg/kg==",
      "requires": {
        "symbol-observable": "1.0.1"
      }
    },
    "symbol-observable": {
      "version": "1.0.1",
      "resolved": "https://registry.npmjs.org/symbol-observable/-/symbol-observable-1.0.1.tgz",
      "integrity": "sha1-g0D8RwLDEi310iKI+IKD9RPT/dQ="
    }
  }
}
