{
  "name": "uppy-store-ngrx",
  "version": "0.1.0",
  "lockfileVersion": 1,
  "requires": true,
  "dependencies": {
    "angular-tslint-rules": {
      "version": "1.2.1",
      "resolved": "https://registry.npmjs.org/angular-tslint-rules/-/angular-tslint-rules-1.2.1.tgz",
      "integrity": "sha512-qIYtm3rGURLDNEuKXSgfE1hbteIdoqlcEDp6rAzAwWFWsnZ3L8mh49K+86D4/+FjgMelaXQxmPyttDXYfzzKVg==",
      "dev": true
    }
  }
}
